// !$*UTF8*$!
{
	archiveVersion = 1;
	classes = {
	};
	objectVersion = 50;
	objects = {

/* Begin PBXBuildFile section */
		EE5550CE24FAB95200B79D63 /* SecureiOS.swift in Sources */ = {isa = PBXBuildFile; fileRef = EE5550CD24FAB95200B79D63 /* SecureiOS.swift */; };
		EE5550D024FC0C8F00B79D63 /* BackgroundModeOverlay.swift in Sources */ = {isa = PBXBuildFile; fileRef = EE5550CF24FC0C8F00B79D63 /* BackgroundModeOverlay.swift */; };
		EE92173D25111BF100F87BA4 /* SecureUserDefaults.swift in Sources */ = {isa = PBXBuildFile; fileRef = EE92173C25111BF100F87BA4 /* SecureUserDefaults.swift */; };
		EEB0D85027C2BD0400957A56 /* EmulatorChecker.swift in Sources */ = {isa = PBXBuildFile; fileRef = EEB0D84F27C2BD0400957A56 /* EmulatorChecker.swift */; };
		EEB0D85227C2BF9F00957A56 /* ProxyChecker.swift in Sources */ = {isa = PBXBuildFile; fileRef = EEB0D85127C2BF9F00957A56 /* ProxyChecker.swift */; };
		EEB0D85427CD1E1D00957A56 /* KeychainWrapper.swift in Sources */ = {isa = PBXBuildFile; fileRef = EEB0D85327CD1E1D00957A56 /* KeychainWrapper.swift */; };
		EEBBD42A24FAB02400CE5937 /* SecureiOS.framework in Frameworks */ = {isa = PBXBuildFile; fileRef = EEBBD42024FAB02400CE5937 /* SecureiOS.framework */; };
		EEBBD42F24FAB02400CE5937 /* SecureiOSTests.swift in Sources */ = {isa = PBXBuildFile; fileRef = EEBBD42E24FAB02400CE5937 /* SecureiOSTests.swift */; };
		EEBBD43124FAB02400CE5937 /* SecureiOS.h in Headers */ = {isa = PBXBuildFile; fileRef = EEBBD42324FAB02400CE5937 /* SecureiOS.h */; settings = {ATTRIBUTES = (Public, ); }; };
		EEBBD43B24FAB11900CE5937 /* JailBreakDetection.swift in Sources */ = {isa = PBXBuildFile; fileRef = EEBBD43A24FAB11900CE5937 /* JailBreakDetection.swift */; };
		EEF078B427ECD63500ECCD46 /* BiometricControls.swift in Sources */ = {isa = PBXBuildFile; fileRef = EEF078B327ECD63500ECCD46 /* BiometricControls.swift */; };
/* End PBXBuildFile section */

/* Begin PBXContainerItemProxy section */
		EEBBD42B24FAB02400CE5937 /* PBXContainerItemProxy */ = {
			isa = PBXContainerItemProxy;
			containerPortal = EEBBD41724FAB02400CE5937 /* Project object */;
			proxyType = 1;
			remoteGlobalIDString = EEBBD41F24FAB02400CE5937;
			remoteInfo = SecureiOS;
		};
/* End PBXContainerItemProxy section */

/* Begin PBXFileReference section */
		EE5550CD24FAB95200B79D63 /* SecureiOS.swift */ = {isa = PBXFileReference; lastKnownFileType = sourcecode.swift; path = SecureiOS.swift; sourceTree = "<group>"; };
		EE5550CF24FC0C8F00B79D63 /* BackgroundModeOverlay.swift */ = {isa = PBXFileReference; lastKnownFileType = sourcecode.swift; path = BackgroundModeOverlay.swift; sourceTree = "<group>"; };
		EE92173C25111BF100F87BA4 /* SecureUserDefaults.swift */ = {isa = PBXFileReference; lastKnownFileType = sourcecode.swift; path = SecureUserDefaults.swift; sourceTree = "<group>"; };
		EEB0D84F27C2BD0400957A56 /* EmulatorChecker.swift */ = {isa = PBXFileReference; lastKnownFileType = sourcecode.swift; path = EmulatorChecker.swift; sourceTree = "<group>"; };
		EEB0D85127C2BF9F00957A56 /* ProxyChecker.swift */ = {isa = PBXFileReference; lastKnownFileType = sourcecode.swift; path = ProxyChecker.swift; sourceTree = "<group>"; };
		EEB0D85327CD1E1D00957A56 /* KeychainWrapper.swift */ = {isa = PBXFileReference; lastKnownFileType = sourcecode.swift; path = KeychainWrapper.swift; sourceTree = "<group>"; };
		EEBBD42024FAB02400CE5937 /* SecureiOS.framework */ = {isa = PBXFileReference; explicitFileType = wrapper.framework; includeInIndex = 0; path = SecureiOS.framework; sourceTree = BUILT_PRODUCTS_DIR; };
		EEBBD42324FAB02400CE5937 /* SecureiOS.h */ = {isa = PBXFileReference; lastKnownFileType = sourcecode.c.h; path = SecureiOS.h; sourceTree = "<group>"; };
		EEBBD42424FAB02400CE5937 /* Info.plist */ = {isa = PBXFileReference; lastKnownFileType = text.plist.xml; path = Info.plist; sourceTree = "<group>"; };
		EEBBD42924FAB02400CE5937 /* SecureiOSTests.xctest */ = {isa = PBXFileReference; explicitFileType = wrapper.cfbundle; includeInIndex = 0; path = SecureiOSTests.xctest; sourceTree = BUILT_PRODUCTS_DIR; };
		EEBBD42E24FAB02400CE5937 /* SecureiOSTests.swift */ = {isa = PBXFileReference; lastKnownFileType = sourcecode.swift; path = SecureiOSTests.swift; sourceTree = "<group>"; };
		EEBBD43024FAB02400CE5937 /* Info.plist */ = {isa = PBXFileReference; lastKnownFileType = text.plist.xml; path = Info.plist; sourceTree = "<group>"; };
		EEBBD43A24FAB11900CE5937 /* JailBreakDetection.swift */ = {isa = PBXFileReference; lastKnownFileType = sourcecode.swift; path = JailBreakDetection.swift; sourceTree = "<group>"; };
		EEF078B327ECD63500ECCD46 /* BiometricControls.swift */ = {isa = PBXFileReference; lastKnownFileType = sourcecode.swift; path = BiometricControls.swift; sourceTree = "<group>"; };
/* End PBXFileReference section */

/* Begin PBXFrameworksBuildPhase section */
		EEBBD41D24FAB02400CE5937 /* Frameworks */ = {
			isa = PBXFrameworksBuildPhase;
			buildActionMask = 2147483647;
			files = (
			);
			runOnlyForDeploymentPostprocessing = 0;
		};
		EEBBD42624FAB02400CE5937 /* Frameworks */ = {
			isa = PBXFrameworksBuildPhase;
			buildActionMask = 2147483647;
			files = (
				EEBBD42A24FAB02400CE5937 /* SecureiOS.framework in Frameworks */,
			);
			runOnlyForDeploymentPostprocessing = 0;
		};
/* End PBXFrameworksBuildPhase section */

/* Begin PBXGroup section */
		EEBBD41624FAB02400CE5937 = {
			isa = PBXGroup;
			children = (
				EEBBD42224FAB02400CE5937 /* SecureiOS */,
				EEBBD42D24FAB02400CE5937 /* SecureiOSTests */,
				EEBBD42124FAB02400CE5937 /* Products */,
			);
			sourceTree = "<group>";
		};
		EEBBD42124FAB02400CE5937 /* Products */ = {
			isa = PBXGroup;
			children = (
				EEBBD42024FAB02400CE5937 /* SecureiOS.framework */,
				EEBBD42924FAB02400CE5937 /* SecureiOSTests.xctest */,
			);
			name = Products;
			sourceTree = "<group>";
		};
		EEBBD42224FAB02400CE5937 /* SecureiOS */ = {
			isa = PBXGroup;
			children = (
				EEBBD42324FAB02400CE5937 /* SecureiOS.h */,
				EEBBD42424FAB02400CE5937 /* Info.plist */,
				EEBBD43A24FAB11900CE5937 /* JailBreakDetection.swift */,
				EE5550CD24FAB95200B79D63 /* SecureiOS.swift */,
				EE5550CF24FC0C8F00B79D63 /* BackgroundModeOverlay.swift */,
				EE92173C25111BF100F87BA4 /* SecureUserDefaults.swift */,
				EEB0D84F27C2BD0400957A56 /* EmulatorChecker.swift */,
				EEB0D85127C2BF9F00957A56 /* ProxyChecker.swift */,
				EEB0D85327CD1E1D00957A56 /* KeychainWrapper.swift */,
				EEF078B327ECD63500ECCD46 /* BiometricControls.swift */,
			);
			path = SecureiOS;
			sourceTree = "<group>";
		};
		EEBBD42D24FAB02400CE5937 /* SecureiOSTests */ = {
			isa = PBXGroup;
			children = (
				EEBBD42E24FAB02400CE5937 /* SecureiOSTests.swift */,
				EEBBD43024FAB02400CE5937 /* Info.plist */,
			);
			path = SecureiOSTests;
			sourceTree = "<group>";
		};
/* End PBXGroup section */

/* Begin PBXHeadersBuildPhase section */
		EEBBD41B24FAB02400CE5937 /* Headers */ = {
			isa = PBXHeadersBuildPhase;
			buildActionMask = 2147483647;
			files = (
				EEBBD43124FAB02400CE5937 /* SecureiOS.h in Headers */,
			);
			runOnlyForDeploymentPostprocessing = 0;
		};
/* End PBXHeadersBuildPhase section */

/* Begin PBXNativeTarget section */
		EEBBD41F24FAB02400CE5937 /* SecureiOS */ = {
			isa = PBXNativeTarget;
			buildConfigurationList = EEBBD43424FAB02400CE5937 /* Build configuration list for PBXNativeTarget "SecureiOS" */;
			buildPhases = (
				EEBBD41B24FAB02400CE5937 /* Headers */,
				EEBBD41C24FAB02400CE5937 /* Sources */,
				EEBBD41D24FAB02400CE5937 /* Frameworks */,
				EEBBD41E24FAB02400CE5937 /* Resources */,
			);
			buildRules = (
			);
			dependencies = (
			);
			name = SecureiOS;
			productName = SecureiOS;
			productReference = EEBBD42024FAB02400CE5937 /* SecureiOS.framework */;
			productType = "com.apple.product-type.framework";
		};
		EEBBD42824FAB02400CE5937 /* SecureiOSTests */ = {
			isa = PBXNativeTarget;
			buildConfigurationList = EEBBD43724FAB02400CE5937 /* Build configuration list for PBXNativeTarget "SecureiOSTests" */;
			buildPhases = (
				EEBBD42524FAB02400CE5937 /* Sources */,
				EEBBD42624FAB02400CE5937 /* Frameworks */,
				EEBBD42724FAB02400CE5937 /* Resources */,
			);
			buildRules = (
			);
			dependencies = (
				EEBBD42C24FAB02400CE5937 /* PBXTargetDependency */,
			);
			name = SecureiOSTests;
			productName = SecureiOSTests;
			productReference = EEBBD42924FAB02400CE5937 /* SecureiOSTests.xctest */;
			productType = "com.apple.product-type.bundle.unit-test";
		};
/* End PBXNativeTarget section */

/* Begin PBXProject section */
		EEBBD41724FAB02400CE5937 /* Project object */ = {
			isa = PBXProject;
			attributes = {
				LastSwiftUpdateCheck = 1150;
				LastUpgradeCheck = 1150;
				ORGANIZATIONNAME = "Tarun Kaushik";
				TargetAttributes = {
					EEBBD41F24FAB02400CE5937 = {
						CreatedOnToolsVersion = 11.5;
						LastSwiftMigration = 1150;
					};
					EEBBD42824FAB02400CE5937 = {
						CreatedOnToolsVersion = 11.5;
					};
				};
			};
			buildConfigurationList = EEBBD41A24FAB02400CE5937 /* Build configuration list for PBXProject "SecureiOS" */;
			compatibilityVersion = "Xcode 9.3";
			developmentRegion = en;
			hasScannedForEncodings = 0;
			knownRegions = (
				en,
				Base,
			);
			mainGroup = EEBBD41624FAB02400CE5937;
			productRefGroup = EEBBD42124FAB02400CE5937 /* Products */;
			projectDirPath = "";
			projectRoot = "";
			targets = (
				EEBBD41F24FAB02400CE5937 /* SecureiOS */,
				EEBBD42824FAB02400CE5937 /* SecureiOSTests */,
			);
		};
/* End PBXProject section */

/* Begin PBXResourcesBuildPhase section */
		EEBBD41E24FAB02400CE5937 /* Resources */ = {
			isa = PBXResourcesBuildPhase;
			buildActionMask = 2147483647;
			files = (
			);
			runOnlyForDeploymentPostprocessing = 0;
		};
		EEBBD42724FAB02400CE5937 /* Resources */ = {
			isa = PBXResourcesBuildPhase;
			buildActionMask = 2147483647;
			files = (
			);
			runOnlyForDeploymentPostprocessing = 0;
		};
/* End PBXResourcesBuildPhase section */

/* Begin PBXSourcesBuildPhase section */
		EEBBD41C24FAB02400CE5937 /* Sources */ = {
			isa = PBXSourcesBuildPhase;
			buildActionMask = 2147483647;
			files = (
				EEB0D85227C2BF9F00957A56 /* ProxyChecker.swift in Sources */,
				EEB0D85427CD1E1D00957A56 /* KeychainWrapper.swift in Sources */,
				EE5550D024FC0C8F00B79D63 /* BackgroundModeOverlay.swift in Sources */,
				EE92173D25111BF100F87BA4 /* SecureUserDefaults.swift in Sources */,
				EEF078B427ECD63500ECCD46 /* BiometricControls.swift in Sources */,
				EE5550CE24FAB95200B79D63 /* SecureiOS.swift in Sources */,
				EEB0D85027C2BD0400957A56 /* EmulatorChecker.swift in Sources */,
				EEBBD43B24FAB11900CE5937 /* JailBreakDetection.swift in Sources */,
			);
			runOnlyForDeploymentPostprocessing = 0;
		};
		EEBBD42524FAB02400CE5937 /* Sources */ = {
			isa = PBXSourcesBuildPhase;
			buildActionMask = 2147483647;
			files = (
				EEBBD42F24FAB02400CE5937 /* SecureiOSTests.swift in Sources */,
			);
			runOnlyForDeploymentPostprocessing = 0;
		};
/* End PBXSourcesBuildPhase section */

/* Begin PBXTargetDependency section */
		EEBBD42C24FAB02400CE5937 /* PBXTargetDependency */ = {
			isa = PBXTargetDependency;
			target = EEBBD41F24FAB02400CE5937 /* SecureiOS */;
			targetProxy = EEBBD42B24FAB02400CE5937 /* PBXContainerItemProxy */;
		};
/* End PBXTargetDependency section */

/* Begin XCBuildConfiguration section */
		EEBBD43224FAB02400CE5937 /* Debug */ = {
			isa = XCBuildConfiguration;
			buildSettings = {
				ALWAYS_SEARCH_USER_PATHS = NO;
				CLANG_ANALYZER_NONNULL = YES;
				CLANG_ANALYZER_NUMBER_OBJECT_CONVERSION = YES_AGGRESSIVE;
				CLANG_CXX_LANGUAGE_STANDARD = "gnu++14";
				CLANG_CXX_LIBRARY = "libc++";
				CLANG_ENABLE_MODULES = YES;
				CLANG_ENABLE_OBJC_ARC = YES;
				CLANG_ENABLE_OBJC_WEAK = YES;
				CLANG_WARN_BLOCK_CAPTURE_AUTORELEASING = YES;
				CLANG_WARN_BOOL_CONVERSION = YES;
				CLANG_WARN_COMMA = YES;
				CLANG_WARN_CONSTANT_CONVERSION = YES;
				CLANG_WARN_DEPRECATED_OBJC_IMPLEMENTATIONS = YES;
				CLANG_WARN_DIRECT_OBJC_ISA_USAGE = YES_ERROR;
				CLANG_WARN_DOCUMENTATION_COMMENTS = YES;
				CLANG_WARN_EMPTY_BODY = YES;
				CLANG_WARN_ENUM_CONVERSION = YES;
				CLANG_WARN_INFINITE_RECURSION = YES;
				CLANG_WARN_INT_CONVERSION = YES;
				CLANG_WARN_NON_LITERAL_NULL_CONVERSION = YES;
				CLANG_WARN_OBJC_IMPLICIT_RETAIN_SELF = YES;
				CLANG_WARN_OBJC_LITERAL_CONVERSION = YES;
				CLANG_WARN_OBJC_ROOT_CLASS = YES_ERROR;
				CLANG_WARN_RANGE_LOOP_ANALYSIS = YES;
				CLANG_WARN_STRICT_PROTOTYPES = YES;
				CLANG_WARN_SUSPICIOUS_MOVE = YES;
				CLANG_WARN_UNGUARDED_AVAILABILITY = YES_AGGRESSIVE;
				CLANG_WARN_UNREACHABLE_CODE = YES;
				CLANG_WARN__DUPLICATE_METHOD_MATCH = YES;
				COPY_PHASE_STRIP = NO;
				CURRENT_PROJECT_VERSION = 1;
				DEBUG_INFORMATION_FORMAT = dwarf;
				ENABLE_STRICT_OBJC_MSGSEND = YES;
				ENABLE_TESTABILITY = YES;
				GCC_C_LANGUAGE_STANDARD = gnu11;
				GCC_DYNAMIC_NO_PIC = NO;
				GCC_NO_COMMON_BLOCKS = YES;
				GCC_OPTIMIZATION_LEVEL = 0;
				GCC_PREPROCESSOR_DEFINITIONS = (
					"DEBUG=1",
					"$(inherited)",
				);
				GCC_WARN_64_TO_32_BIT_CONVERSION = YES;
				GCC_WARN_ABOUT_RETURN_TYPE = YES_ERROR;
				GCC_WARN_UNDECLARED_SELECTOR = YES;
				GCC_WARN_UNINITIALIZED_AUTOS = YES_AGGRESSIVE;
				GCC_WARN_UNUSED_FUNCTION = YES;
				GCC_WARN_UNUSED_VARIABLE = YES;
				IPHONEOS_DEPLOYMENT_TARGET = 13.0;
				MTL_ENABLE_DEBUG_INFO = INCLUDE_SOURCE;
				MTL_FAST_MATH = YES;
				ONLY_ACTIVE_ARCH = YES;
				SDKROOT = iphoneos;
				SWIFT_ACTIVE_COMPILATION_CONDITIONS = DEBUG;
				SWIFT_OPTIMIZATION_LEVEL = "-Onone";
				VERSIONING_SYSTEM = "apple-generic";
				VERSION_INFO_PREFIX = "";
			};
			name = Debug;
		};
		EEBBD43324FAB02400CE5937 /* Release */ = {
			isa = XCBuildConfiguration;
			buildSettings = {
				ALWAYS_SEARCH_USER_PATHS = NO;
				CLANG_ANALYZER_NONNULL = YES;
				CLANG_ANALYZER_NUMBER_OBJECT_CONVERSION = YES_AGGRESSIVE;
				CLANG_CXX_LANGUAGE_STANDARD = "gnu++14";
				CLANG_CXX_LIBRARY = "libc++";
				CLANG_ENABLE_MODULES = YES;
				CLANG_ENABLE_OBJC_ARC = YES;
				CLANG_ENABLE_OBJC_WEAK = YES;
				CLANG_WARN_BLOCK_CAPTURE_AUTORELEASING = YES;
				CLANG_WARN_BOOL_CONVERSION = YES;
				CLANG_WARN_COMMA = YES;
				CLANG_WARN_CONSTANT_CONVERSION = YES;
				CLANG_WARN_DEPRECATED_OBJC_IMPLEMENTATIONS = YES;
				CLANG_WARN_DIRECT_OBJC_ISA_USAGE = YES_ERROR;
				CLANG_WARN_DOCUMENTATION_COMMENTS = YES;
				CLANG_WARN_EMPTY_BODY = YES;
				CLANG_WARN_ENUM_CONVERSION = YES;
				CLANG_WARN_INFINITE_RECURSION = YES;
				CLANG_WARN_INT_CONVERSION = YES;
				CLANG_WARN_NON_LITERAL_NULL_CONVERSION = YES;
				CLANG_WARN_OBJC_IMPLICIT_RETAIN_SELF = YES;
				CLANG_WARN_OBJC_LITERAL_CONVERSION = YES;
				CLANG_WARN_OBJC_ROOT_CLASS = YES_ERROR;
				CLANG_WARN_RANGE_LOOP_ANALYSIS = YES;
				CLANG_WARN_STRICT_PROTOTYPES = YES;
				CLANG_WARN_SUSPICIOUS_MOVE = YES;
				CLANG_WARN_UNGUARDED_AVAILABILITY = YES_AGGRESSIVE;
				CLANG_WARN_UNREACHABLE_CODE = YES;
				CLANG_WARN__DUPLICATE_METHOD_MATCH = YES;
				COPY_PHASE_STRIP = NO;
				CURRENT_PROJECT_VERSION = 1;
				DEBUG_INFORMATION_FORMAT = "dwarf-with-dsym";
				ENABLE_NS_ASSERTIONS = NO;
				ENABLE_STRICT_OBJC_MSGSEND = YES;
				GCC_C_LANGUAGE_STANDARD = gnu11;
				GCC_NO_COMMON_BLOCKS = YES;
				GCC_WARN_64_TO_32_BIT_CONVERSION = YES;
				GCC_WARN_ABOUT_RETURN_TYPE = YES_ERROR;
				GCC_WARN_UNDECLARED_SELECTOR = YES;
				GCC_WARN_UNINITIALIZED_AUTOS = YES_AGGRESSIVE;
				GCC_WARN_UNUSED_FUNCTION = YES;
				GCC_WARN_UNUSED_VARIABLE = YES;
				IPHONEOS_DEPLOYMENT_TARGET = 13.0;
				MTL_ENABLE_DEBUG_INFO = NO;
				MTL_FAST_MATH = YES;
				SDKROOT = iphoneos;
				SWIFT_COMPILATION_MODE = wholemodule;
				SWIFT_OPTIMIZATION_LEVEL = "-O";
				VALIDATE_PRODUCT = YES;
				VERSIONING_SYSTEM = "apple-generic";
				VERSION_INFO_PREFIX = "";
			};
			name = Release;
		};
		EEBBD43524FAB02400CE5937 /* Debug */ = {
			isa = XCBuildConfiguration;
			buildSettings = {
				BUILD_LIBRARY_FOR_DISTRIBUTION = YES;
				CLANG_ENABLE_MODULES = YES;
				CODE_SIGN_IDENTITY = "Apple Development";
				"CODE_SIGN_IDENTITY[sdk=macosx*]" = "Apple Development";
				CODE_SIGN_STYLE = Automatic;
				DEFINES_MODULE = YES;
				DEVELOPMENT_TEAM = K8689CZ4BV;
				DYLIB_COMPATIBILITY_VERSION = 1;
				DYLIB_CURRENT_VERSION = 1;
				DYLIB_INSTALL_NAME_BASE = "@rpath";
				INFOPLIST_FILE = SecureiOS/Info.plist;
				INSTALL_PATH = "$(LOCAL_LIBRARY_DIR)/Frameworks";
				LD_RUNPATH_SEARCH_PATHS = (
					"$(inherited)",
					"@executable_path/Frameworks",
					"@loader_path/Frameworks",
				);
				PRODUCT_BUNDLE_IDENTIFIER = com.scholacore.SecureiOS;
				PRODUCT_NAME = "$(TARGET_NAME:c99extidentifier)";
				SKIP_INSTALL = YES;
				SWIFT_OPTIMIZATION_LEVEL = "-Onone";
				SWIFT_VERSION = 5.0;
				TARGETED_DEVICE_FAMILY = "1,2";
			};
			name = Debug;
		};
		EEBBD43624FAB02400CE5937 /* Release */ = {
			isa = XCBuildConfiguration;
			buildSettings = {
				BUILD_LIBRARY_FOR_DISTRIBUTION = YES;
				CLANG_ENABLE_MODULES = YES;
				CODE_SIGN_IDENTITY = "Apple Development";
				"CODE_SIGN_IDENTITY[sdk=macosx*]" = "Apple Development";
				CODE_SIGN_STYLE = Automatic;
				DEFINES_MODULE = YES;
				DEVELOPMENT_TEAM = K8689CZ4BV;
				DYLIB_COMPATIBILITY_VERSION = 1;
				DYLIB_CURRENT_VERSION = 1;
				DYLIB_INSTALL_NAME_BASE = "@rpath";
				INFOPLIST_FILE = SecureiOS/Info.plist;
				INSTALL_PATH = "$(LOCAL_LIBRARY_DIR)/Frameworks";
				LD_RUNPATH_SEARCH_PATHS = (
					"$(inherited)",
					"@executable_path/Frameworks",
					"@loader_path/Frameworks",
				);
				PRODUCT_BUNDLE_IDENTIFIER = com.scholacore.SecureiOS;
				PRODUCT_NAME = "$(TARGET_NAME:c99extidentifier)";
				SKIP_INSTALL = YES;
				SWIFT_VERSION = 5.0;
				TARGETED_DEVICE_FAMILY = "1,2";
			};
			name = Release;
		};
		EEBBD43824FAB02400CE5937 /* Debug */ = {
			isa = XCBuildConfiguration;
			buildSettings = {
				ALWAYS_EMBED_SWIFT_STANDARD_LIBRARIES = YES;
				CODE_SIGN_STYLE = Automatic;
				DEVELOPMENT_TEAM = K8689CZ4BV;
				INFOPLIST_FILE = SecureiOSTests/Info.plist;
				LD_RUNPATH_SEARCH_PATHS = (
					"$(inherited)",
					"@executable_path/Frameworks",
					"@loader_path/Frameworks",
				);
				PRODUCT_BUNDLE_IDENTIFIER = com.scholacore.SecureiOSTests;
				PRODUCT_NAME = "$(TARGET_NAME)";
				SWIFT_VERSION = 5.0;
				TARGETED_DEVICE_FAMILY = "1,2";
			};
			name = Debug;
		};
		EEBBD43924FAB02400CE5937 /* Release */ = {
			isa = XCBuildConfiguration;
			buildSettings = {
				ALWAYS_EMBED_SWIFT_STANDARD_LIBRARIES = YES;
				CODE_SIGN_STYLE = Automatic;
				DEVELOPMENT_TEAM = K8689CZ4BV;
				INFOPLIST_FILE = SecureiOSTests/Info.plist;
				LD_RUNPATH_SEARCH_PATHS = (
					"$(inherited)",
					"@executable_path/Frameworks",
					"@loader_path/Frameworks",
				);
				PRODUCT_BUNDLE_IDENTIFIER = com.scholacore.SecureiOSTests;
				PRODUCT_NAME = "$(TARGET_NAME)";
				SWIFT_VERSION = 5.0;
				TARGETED_DEVICE_FAMILY = "1,2";
			};
			name = Release;
		};
/* End XCBuildConfiguration section */

/* Begin XCConfigurationList section */
		EEBBD41A24FAB02400CE5937 /* Build configuration list for PBXProject "SecureiOS" */ = {
			isa = XCConfigurationList;
			buildConfigurations = (
				EEBBD43224FAB02400CE5937 /* Debug */,
				EEBBD43324FAB02400CE5937 /* Release */,
			);
			defaultConfigurationIsVisible = 0;
			defaultConfigurationName = Release;
		};
		EEBBD43424FAB02400CE5937 /* Build configuration list for PBXNativeTarget "SecureiOS" */ = {
			isa = XCConfigurationList;
			buildConfigurations = (
				EEBBD43524FAB02400CE5937 /* Debug */,
				EEBBD43624FAB02400CE5937 /* Release */,
			);
			defaultConfigurationIsVisible = 0;
			defaultConfigurationName = Release;
		};
		EEBBD43724FAB02400CE5937 /* Build configuration list for PBXNativeTarget "SecureiOSTests" */ = {
			isa = XCConfigurationList;
			buildConfigurations = (
				EEBBD43824FAB02400CE5937 /* Debug */,
				EEBBD43924FAB02400CE5937 /* Release */,
			);
			defaultConfigurationIsVisible = 0;
			defaultConfigurationName = Release;
		};
/* End XCConfigurationList section */
	};
	rootObject = EEBBD41724FAB02400CE5937 /* Project object */;
}
